// !$*UTF8*$!
{
	archiveVersion = 1;
	classes = {
	};
	objectVersion = 46;
	objects = {

/* Begin PBXBuildFile section */
		972D25521B4C698F0055CCA8 /* MapViewController.m in Sources */ = {isa = PBXBuildFile; fileRef = 972D25511B4C698F0055CCA8 /* MapViewController.m */; };
		972D25551B4C69A90055CCA8 /* RootViewController.m in Sources */ = {isa = PBXBuildFile; fileRef = 972D25541B4C69A90055CCA8 /* RootViewController.m */; };
		972D25571B4C6AF50055CCA8 /* CoreLocation.framework in Frameworks */ = {isa = PBXBuildFile; fileRef = 972D25561B4C6AF50055CCA8 /* CoreLocation.framework */; };
		972D25591B4C6AFA0055CCA8 /* MapKit.framework in Frameworks */ = {isa = PBXBuildFile; fileRef = 972D25581B4C6AFA0055CCA8 /* MapKit.framework */; };
		972D255F1B4C84010055CCA8 /* HangOutPlace.m in Sources */ = {isa = PBXBuildFile; fileRef = 972D255E1B4C84010055CCA8 /* HangOutPlace.m */; };
		97AAA7101B4B5B98003CAA73 /* main.m in Sources */ = {isa = PBXBuildFile; fileRef = 97AAA70F1B4B5B98003CAA73 /* main.m */; };
		97AAA7131B4B5B98003CAA73 /* AppDelegate.m in Sources */ = {isa = PBXBuildFile; fileRef = 97AAA7121B4B5B98003CAA73 /* AppDelegate.m */; };
		97AAA7161B4B5B98003CAA73 /* HangOutApp.xcdatamodeld in Sources */ = {isa = PBXBuildFile; fileRef = 97AAA7141B4B5B98003CAA73 /* HangOutApp.xcdatamodeld */; };
		97AAA71C1B4B5B98003CAA73 /* Main.storyboard in Resources */ = {isa = PBXBuildFile; fileRef = 97AAA71A1B4B5B98003CAA73 /* Main.storyboard */; };
		97AAA71E1B4B5B98003CAA73 /* Images.xcassets in Resources */ = {isa = PBXBuildFile; fileRef = 97AAA71D1B4B5B98003CAA73 /* Images.xcassets */; };
		97AAA7211B4B5B98003CAA73 /* LaunchScreen.xib in Resources */ = {isa = PBXBuildFile; fileRef = 97AAA71F1B4B5B98003CAA73 /* LaunchScreen.xib */; };
		97AAA72D1B4B5B98003CAA73 /* HangOutAppTests.m in Sources */ = {isa = PBXBuildFile; fileRef = 97AAA72C1B4B5B98003CAA73 /* HangOutAppTests.m */; };
/* End PBXBuildFile section */

/* Begin PBXContainerItemProxy section */
		97AAA7271B4B5B98003CAA73 /* PBXContainerItemProxy */ = {
			isa = PBXContainerItemProxy;
			containerPortal = 97AAA7021B4B5B98003CAA73 /* Project object */;
			proxyType = 1;
			remoteGlobalIDString = 97AAA7091B4B5B98003CAA73;
			remoteInfo = HangOutApp;
		};
/* End PBXContainerItemProxy section */

/* Begin PBXFileReference section */
		972D25501B4C698F0055CCA8 /* MapViewController.h */ = {isa = PBXFileReference; fileEncoding = 4; lastKnownFileType = sourcecode.c.h; name = MapViewController.h; path = ../MapViewController.h; sourceTree = "<group>"; };
		972D25511B4C698F0055CCA8 /* MapViewController.m */ = {isa = PBXFileReference; fileEncoding = 4; lastKnownFileType = sourcecode.c.objc; name = MapViewController.m; path = ../MapViewController.m; sourceTree = "<group>"; };
		972D25531B4C69A90055CCA8 /* RootViewController.h */ = {isa = PBXFileReference; fileEncoding = 4; lastKnownFileType = sourcecode.c.h; name = RootViewController.h; path = ../RootViewController.h; sourceTree = "<group>"; };
		972D25541B4C69A90055CCA8 /* RootViewController.m */ = {isa = PBXFileReference; fileEncoding = 4; lastKnownFileType = sourcecode.c.objc; name = RootViewController.m; path = ../RootViewController.m; sourceTree = "<group>"; };
		972D25561B4C6AF50055CCA8 /* CoreLocation.framework */ = {isa = PBXFileReference; lastKnownFileType = wrapper.framework; name = CoreLocation.framework; path = System/Library/Frameworks/CoreLocation.framework; sourceTree = SDKROOT; };
		972D25581B4C6AFA0055CCA8 /* MapKit.framework */ = {isa = PBXFileReference; lastKnownFileType = wrapper.framework; name = MapKit.framework; path = System/Library/Frameworks/MapKit.framework; sourceTree = SDKROOT; };
		972D255D1B4C84010055CCA8 /* HangOutPlace.h */ = {isa = PBXFileReference; fileEncoding = 4; lastKnownFileType = sourcecode.c.h; path = HangOutPlace.h; sourceTree = "<group>"; };
		972D255E1B4C84010055CCA8 /* HangOutPlace.m */ = {isa = PBXFileReference; fileEncoding = 4; lastKnownFileType = sourcecode.c.objc; path = HangOutPlace.m; sourceTree = "<group>"; };
		97AAA70A1B4B5B98003CAA73 /* HangOutApp.app */ = {isa = PBXFileReference; explicitFileType = wrapper.application; includeInIndex = 0; path = HangOutApp.app; sourceTree = BUILT_PRODUCTS_DIR; };
		97AAA70E1B4B5B98003CAA73 /* Info.plist */ = {isa = PBXFileReference; lastKnownFileType = text.plist.xml; path = Info.plist; sourceTree = "<group>"; };
		97AAA70F1B4B5B98003CAA73 /* main.m */ = {isa = PBXFileReference; lastKnownFileType = sourcecode.c.objc; path = main.m; sourceTree = "<group>"; };
		97AAA7111B4B5B98003CAA73 /* AppDelegate.h */ = {isa = PBXFileReference; lastKnownFileType = sourcecode.c.h; path = AppDelegate.h; sourceTree = "<group>"; };
		97AAA7121B4B5B98003CAA73 /* AppDelegate.m */ = {isa = PBXFileReference; lastKnownFileType = sourcecode.c.objc; path = AppDelegate.m; sourceTree = "<group>"; };
		97AAA7151B4B5B98003CAA73 /* HangOutApp.xcdatamodel */ = {isa = PBXFileReference; lastKnownFileType = wrapper.xcdatamodel; path = HangOutApp.xcdatamodel; sourceTree = "<group>"; };
		97AAA71B1B4B5B98003CAA73 /* Base */ = {isa = PBXFileReference; lastKnownFileType = file.storyboard; name = Base; path = Base.lproj/Main.storyboard; sourceTree = "<group>"; };
		97AAA71D1B4B5B98003CAA73 /* Images.xcassets */ = {isa = PBXFileReference; lastKnownFileType = folder.assetcatalog; path = Images.xcassets; sourceTree = "<group>"; };
		97AAA7201B4B5B98003CAA73 /* Base */ = {isa = PBXFileReference; lastKnownFileType = file.xib; name = Base; path = Base.lproj/LaunchScreen.xib; sourceTree = "<group>"; };
		97AAA7261B4B5B98003CAA73 /* HangOutAppTests.xctest */ = {isa = PBXFileReference; explicitFileType = wrapper.cfbundle; includeInIndex = 0; path = HangOutAppTests.xctest; sourceTree = BUILT_PRODUCTS_DIR; };
		97AAA72B1B4B5B98003CAA73 /* Info.plist */ = {isa = PBXFileReference; lastKnownFileType = text.plist.xml; path = Info.plist; sourceTree = "<group>"; };
		97AAA72C1B4B5B98003CAA73 /* HangOutAppTests.m */ = {isa = PBXFileReference; lastKnownFileType = sourcecode.c.objc; path = HangOutAppTests.m; sourceTree = "<group>"; };
/* End PBXFileReference section */

/* Begin PBXFrameworksBuildPhase section */
		97AAA7071B4B5B98003CAA73 /* Frameworks */ = {
			isa = PBXFrameworksBuildPhase;
			buildActionMask = 2147483647;
			files = (
				972D25591B4C6AFA0055CCA8 /* MapKit.framework in Frameworks */,
				972D25571B4C6AF50055CCA8 /* CoreLocation.framework in Frameworks */,
			);
			runOnlyForDeploymentPostprocessing = 0;
		};
		97AAA7231B4B5B98003CAA73 /* Frameworks */ = {
			isa = PBXFrameworksBuildPhase;
			buildActionMask = 2147483647;
			files = (
			);
			runOnlyForDeploymentPostprocessing = 0;
		};
/* End PBXFrameworksBuildPhase section */

/* Begin PBXGroup section */
		97AAA7011B4B5B98003CAA73 = {
			isa = PBXGroup;
			children = (
				972D25581B4C6AFA0055CCA8 /* MapKit.framework */,
				972D25561B4C6AF50055CCA8 /* CoreLocation.framework */,
				97AAA70C1B4B5B98003CAA73 /* HangOutApp */,
				97AAA7291B4B5B98003CAA73 /* HangOutAppTests */,
				97AAA70B1B4B5B98003CAA73 /* Products */,
			);
			sourceTree = "<group>";
		};
		97AAA70B1B4B5B98003CAA73 /* Products */ = {
			isa = PBXGroup;
			children = (
				97AAA70A1B4B5B98003CAA73 /* HangOutApp.app */,
				97AAA7261B4B5B98003CAA73 /* HangOutAppTests.xctest */,
			);
			name = Products;
			sourceTree = "<group>";
		};
		97AAA70C1B4B5B98003CAA73 /* HangOutApp */ = {
			isa = PBXGroup;
			children = (
				972D25501B4C698F0055CCA8 /* MapViewController.h */,
				972D25511B4C698F0055CCA8 /* MapViewController.m */,
				972D25531B4C69A90055CCA8 /* RootViewController.h */,
				972D25541B4C69A90055CCA8 /* RootViewController.m */,
				972D255D1B4C84010055CCA8 /* HangOutPlace.h */,
				972D255E1B4C84010055CCA8 /* HangOutPlace.m */,
				97AAA7111B4B5B98003CAA73 /* AppDelegate.h */,
				97AAA7121B4B5B98003CAA73 /* AppDelegate.m */,
				97AAA71A1B4B5B98003CAA73 /* Main.storyboard */,
				97AAA71D1B4B5B98003CAA73 /* Images.xcassets */,
				97AAA71F1B4B5B98003CAA73 /* LaunchScreen.xib */,
				97AAA7141B4B5B98003CAA73 /* HangOutApp.xcdatamodeld */,
				97AAA70D1B4B5B98003CAA73 /* Supporting Files */,
			);
			path = HangOutApp;
			sourceTree = "<group>";
		};
		97AAA70D1B4B5B98003CAA73 /* Supporting Files */ = {
			isa = PBXGroup;
			children = (
				97AAA70E1B4B5B98003CAA73 /* Info.plist */,
				97AAA70F1B4B5B98003CAA73 /* main.m */,
			);
			name = "Supporting Files";
			sourceTree = "<group>";
		};
		97AAA7291B4B5B98003CAA73 /* HangOutAppTests */ = {
			isa = PBXGroup;
			children = (
				97AAA72C1B4B5B98003CAA73 /* HangOutAppTests.m */,
				97AAA72A1B4B5B98003CAA73 /* Supporting Files */,
			);
			path = HangOutAppTests;
			sourceTree = "<group>";
		};
		97AAA72A1B4B5B98003CAA73 /* Supporting Files */ = {
			isa = PBXGroup;
			children = (
				97AAA72B1B4B5B98003CAA73 /* Info.plist */,
			);
			name = "Supporting Files";
			sourceTree = "<group>";
		};
/* End PBXGroup section */

/* Begin PBXNativeTarget section */
		97AAA7091B4B5B98003CAA73 /* HangOutApp */ = {
			isa = PBXNativeTarget;
			buildConfigurationList = 97AAA7301B4B5B98003CAA73 /* Build configuration list for PBXNativeTarget "HangOutApp" */;
			buildPhases = (
				97AAA7061B4B5B98003CAA73 /* Sources */,
				97AAA7071B4B5B98003CAA73 /* Frameworks */,
				97AAA7081B4B5B98003CAA73 /* Resources */,
			);
			buildRules = (
			);
			dependencies = (
			);
			name = HangOutApp;
			productName = HangOutApp;
			productReference = 97AAA70A1B4B5B98003CAA73 /* HangOutApp.app */;
			productType = "com.apple.product-type.application";
		};
		97AAA7251B4B5B98003CAA73 /* HangOutAppTests */ = {
			isa = PBXNativeTarget;
			buildConfigurationList = 97AAA7331B4B5B98003CAA73 /* Build configuration list for PBXNativeTarget "HangOutAppTests" */;
			buildPhases = (
				97AAA7221B4B5B98003CAA73 /* Sources */,
				97AAA7231B4B5B98003CAA73 /* Frameworks */,
				97AAA7241B4B5B98003CAA73 /* Resources */,
			);
			buildRules = (
			);
			dependencies = (
				97AAA7281B4B5B98003CAA73 /* PBXTargetDependency */,
			);
			name = HangOutAppTests;
			productName = HangOutAppTests;
			productReference = 97AAA7261B4B5B98003CAA73 /* HangOutAppTests.xctest */;
			productType = "com.apple.product-type.bundle.unit-test";
		};
/* End PBXNativeTarget section */

/* Begin PBXProject section */
		97AAA7021B4B5B98003CAA73 /* Project object */ = {
			isa = PBXProject;
			attributes = {
				LastUpgradeCheck = 0640;
				ORGANIZATIONNAME = madApperz;
				TargetAttributes = {
					97AAA7091B4B5B98003CAA73 = {
						CreatedOnToolsVersion = 6.4;
					};
					97AAA7251B4B5B98003CAA73 = {
						CreatedOnToolsVersion = 6.4;
						TestTargetID = 97AAA7091B4B5B98003CAA73;
					};
				};
			};
			buildConfigurationList = 97AAA7051B4B5B98003CAA73 /* Build configuration list for PBXProject "HangOutApp" */;
			compatibilityVersion = "Xcode 3.2";
			developmentRegion = English;
			hasScannedForEncodings = 0;
			knownRegions = (
				en,
				Base,
			);
			mainGroup = 97AAA7011B4B5B98003CAA73;
			productRefGroup = 97AAA70B1B4B5B98003CAA73 /* Products */;
			projectDirPath = "";
			projectRoot = "";
			targets = (
				97AAA7091B4B5B98003CAA73 /* HangOutApp */,
				97AAA7251B4B5B98003CAA73 /* HangOutAppTests */,
			);
		};
/* End PBXProject section */

/* Begin PBXResourcesBuildPhase section */
		97AAA7081B4B5B98003CAA73 /* Resources */ = {
			isa = PBXResourcesBuildPhase;
			buildActionMask = 2147483647;
			files = (
				97AAA71C1B4B5B98003CAA73 /* Main.storyboard in Resources */,
				97AAA7211B4B5B98003CAA73 /* LaunchScreen.xib in Resources */,
				97AAA71E1B4B5B98003CAA73 /* Images.xcassets in Resources */,
			);
			runOnlyForDeploymentPostprocessing = 0;
		};
		97AAA7241B4B5B98003CAA73 /* Resources */ = {
			isa = PBXResourcesBuildPhase;
			buildActionMask = 2147483647;
			files = (
			);
			runOnlyForDeploymentPostprocessing = 0;
		};
/* End PBXResourcesBuildPhase section */

/* Begin PBXSourcesBuildPhase section */
		97AAA7061B4B5B98003CAA73 /* Sources */ = {
			isa = PBXSourcesBuildPhase;
			buildActionMask = 2147483647;
			files = (
				972D255F1B4C84010055CCA8 /* HangOutPlace.m in Sources */,
				97AAA7131B4B5B98003CAA73 /* AppDelegate.m in Sources */,
				97AAA7161B4B5B98003CAA73 /* HangOutApp.xcdatamodeld in Sources */,
				97AAA7101B4B5B98003CAA73 /* main.m in Sources */,
				972D25521B4C698F0055CCA8 /* MapViewController.m in Sources */,
				972D25551B4C69A90055CCA8 /* RootViewController.m in Sources */,
			);
			runOnlyForDeploymentPostprocessing = 0;
		};
		97AAA7221B4B5B98003CAA73 /* Sources */ = {
			isa = PBXSourcesBuildPhase;
			buildActionMask = 2147483647;
			files = (
				97AAA72D1B4B5B98003CAA73 /* HangOutAppTests.m in Sources */,
			);
			runOnlyForDeploymentPostprocessing = 0;
		};
/* End PBXSourcesBuildPhase section */

/* Begin PBXTargetDependency section */
		97AAA7281B4B5B98003CAA73 /* PBXTargetDependency */ = {
			isa = PBXTargetDependency;
			target = 97AAA7091B4B5B98003CAA73 /* HangOutApp */;
			targetProxy = 97AAA7271B4B5B98003CAA73 /* PBXContainerItemProxy */;
		};
/* End PBXTargetDependency section */

/* Begin PBXVariantGroup section */
		97AAA71A1B4B5B98003CAA73 /* Main.storyboard */ = {
			isa = PBXVariantGroup;
			children = (
				97AAA71B1B4B5B98003CAA73 /* Base */,
			);
			name = Main.storyboard;
			sourceTree = "<group>";
		};
		97AAA71F1B4B5B98003CAA73 /* LaunchScreen.xib */ = {
			isa = PBXVariantGroup;
			children = (
				97AAA7201B4B5B98003CAA73 /* Base */,
			);
			name = LaunchScreen.xib;
			sourceTree = "<group>";
		};
/* End PBXVariantGroup section */

/* Begin XCBuildConfiguration section */
		97AAA72E1B4B5B98003CAA73 /* Debug */ = {
			isa = XCBuildConfiguration;
			buildSettings = {
				ALWAYS_SEARCH_USER_PATHS = NO;
				CLANG_CXX_LANGUAGE_STANDARD = "gnu++0x";
				CLANG_CXX_LIBRARY = "libc++";
				CLANG_ENABLE_MODULES = YES;
				CLANG_ENABLE_OBJC_ARC = YES;
				CLANG_WARN_BOOL_CONVERSION = YES;
				CLANG_WARN_CONSTANT_CONVERSION = YES;
				CLANG_WARN_DIRECT_OBJC_ISA_USAGE = YES_ERROR;
				CLANG_WARN_EMPTY_BODY = YES;
				CLANG_WARN_ENUM_CONVERSION = YES;
				CLANG_WARN_INT_CONVERSION = YES;
				CLANG_WARN_OBJC_ROOT_CLASS = YES_ERROR;
				CLANG_WARN_UNREACHABLE_CODE = YES;
				CLANG_WARN__DUPLICATE_METHOD_MATCH = YES;
				"CODE_SIGN_IDENTITY[sdk=iphoneos*]" = "iPhone Developer";
				COPY_PHASE_STRIP = NO;
				DEBUG_INFORMATION_FORMAT = "dwarf-with-dsym";
				ENABLE_STRICT_OBJC_MSGSEND = YES;
				GCC_C_LANGUAGE_STANDARD = gnu99;
				GCC_DYNAMIC_NO_PIC = NO;
				GCC_NO_COMMON_BLOCKS = YES;
				GCC_OPTIMIZATION_LEVEL = 0;
				GCC_PREPROCESSOR_DEFINITIONS = (
					"DEBUG=1",
					"$(inherited)",
				);
				GCC_SYMBOLS_PRIVATE_EXTERN = NO;
				GCC_WARN_64_TO_32_BIT_CONVERSION = YES;
				GCC_WARN_ABOUT_RETURN_TYPE = YES_ERROR;
				GCC_WARN_UNDECLARED_SELECTOR = YES;
				GCC_WARN_UNINITIALIZED_AUTOS = YES_AGGRESSIVE;
				GCC_WARN_UNUSED_FUNCTION = YES;
				GCC_WARN_UNUSED_VARIABLE = YES;
				IPHONEOS_DEPLOYMENT_TARGET = 8.4;
				MTL_ENABLE_DEBUG_INFO = YES;
				ONLY_ACTIVE_ARCH = YES;
				SDKROOT = iphoneos;
			};
			name = Debug;
		};
		97AAA72F1B4B5B98003CAA73 /* Release */ = {
			isa = XCBuildConfiguration;
			buildSettings = {
				ALWAYS_SEARCH_USER_PATHS = NO;
				CLANG_CXX_LANGUAGE_STANDARD = "gnu++0x";
				CLANG_CXX_LIBRARY = "libc++";
				CLANG_ENABLE_MODULES = YES;
				CLANG_ENABLE_OBJC_ARC = YES;
				CLANG_WARN_BOOL_CONVERSION = YES;
				CLANG_WARN_CONSTANT_CONVERSION = YES;
				CLANG_WARN_DIRECT_OBJC_ISA_USAGE = YES_ERROR;
				CLANG_WARN_EMPTY_BODY = YES;
				CLANG_WARN_ENUM_CONVERSION = YES;
				CLANG_WARN_INT_CONVERSION = YES;
				CLANG_WARN_OBJC_ROOT_CLASS = YES_ERROR;
				CLANG_WARN_UNREACHABLE_CODE = YES;
				CLANG_WARN__DUPLICATE_METHOD_MATCH = YES;
				"CODE_SIGN_IDENTITY[sdk=iphoneos*]" = "iPhone Developer";
				COPY_PHASE_STRIP = NO;
				DEBUG_INFORMATION_FORMAT = "dwarf-with-dsym";
				ENABLE_NS_ASSERTIONS = NO;
				ENABLE_STRICT_OBJC_MSGSEND = YES;
				GCC_C_LANGUAGE_STANDARD = gnu99;
				GCC_NO_COMMON_BLOCKS = YES;
				GCC_WARN_64_TO_32_BIT_CONVERSION = YES;
				GCC_WARN_ABOUT_RETURN_TYPE = YES_ERROR;
				GCC_WARN_UNDECLARED_SELECTOR = YES;
				GCC_WARN_UNINITIALIZED_AUTOS = YES_AGGRESSIVE;
				GCC_WARN_UNUSED_FUNCTION = YES;
				GCC_WARN_UNUSED_VARIABLE = YES;
				IPHONEOS_DEPLOYMENT_TARGET = 8.4;
				MTL_ENABLE_DEBUG_INFO = NO;
				SDKROOT = iphoneos;
				VALIDATE_PRODUCT = YES;
			};
			name = Release;
		};
		97AAA7311B4B5B98003CAA73 /* Debug */ = {
			isa = XCBuildConfiguration;
			buildSettings = {
				ASSETCATALOG_COMPILER_APPICON_NAME = AppIcon;
				INFOPLIST_FILE = HangOutApp/Info.plist;
				LD_RUNPATH_SEARCH_PATHS = "$(inherited) @executable_path/Frameworks";
				PRODUCT_NAME = "$(TARGET_NAME)";
			};
			name = Debug;
		};
		97AAA7321B4B5B98003CAA73 /* Release */ = {
			isa = XCBuildConfiguration;
			buildSettings = {
				ASSETCATALOG_COMPILER_APPICON_NAME = AppIcon;
				INFOPLIST_FILE = HangOutApp/Info.plist;
				LD_RUNPATH_SEARCH_PATHS = "$(inherited) @executable_path/Frameworks";
				PRODUCT_NAME = "$(TARGET_NAME)";
			};
			name = Release;
		};
		97AAA7341B4B5B98003CAA73 /* Debug */ = {
			isa = XCBuildConfiguration;
			buildSettings = {
				BUNDLE_LOADER = "$(TEST_HOST)";
				FRAMEWORK_SEARCH_PATHS = (
					"$(SDKROOT)/Developer/Library/Frameworks",
					"$(inherited)",
				);
				GCC_PREPROCESSOR_DEFINITIONS = (
					"DEBUG=1",
					"$(inherited)",
				);
				INFOPLIST_FILE = HangOutAppTests/Info.plist;
				LD_RUNPATH_SEARCH_PATHS = "$(inherited) @executable_path/Frameworks @loader_path/Frameworks";
				PRODUCT_NAME = "$(TARGET_NAME)";
				TEST_HOST = "$(BUILT_PRODUCTS_DIR)/HangOutApp.app/HangOutApp";
			};
			name = Debug;
		};
		97AAA7351B4B5B98003CAA73 /* Release */ = {
			isa = XCBuildConfiguration;
			buildSettings = {
				BUNDLE_LOADER = "$(TEST_HOST)";
				FRAMEWORK_SEARCH_PATHS = (
					"$(SDKROOT)/Developer/Library/Frameworks",
					"$(inherited)",
				);
				INFOPLIST_FILE = HangOutAppTests/Info.plist;
				LD_RUNPATH_SEARCH_PATHS = "$(inherited) @executable_path/Frameworks @loader_path/Frameworks";
				PRODUCT_NAME = "$(TARGET_NAME)";
				TEST_HOST = "$(BUILT_PRODUCTS_DIR)/HangOutApp.app/HangOutApp";
			};
			name = Release;
		};
/* End XCBuildConfiguration section */

/* Begin XCConfigurationList section */
		97AAA7051B4B5B98003CAA73 /* Build configuration list for PBXProject "HangOutApp" */ = {
			isa = XCConfigurationList;
			buildConfigurations = (
				97AAA72E1B4B5B98003CAA73 /* Debug */,
				97AAA72F1B4B5B98003CAA73 /* Release */,
			);
			defaultConfigurationIsVisible = 0;
			defaultConfigurationName = Release;
		};
		97AAA7301B4B5B98003CAA73 /* Build configuration list for PBXNativeTarget "HangOutApp" */ = {
			isa = XCConfigurationList;
			buildConfigurations = (
				97AAA7311B4B5B98003CAA73 /* Debug */,
				97AAA7321B4B5B98003CAA73 /* Release */,
			);
			defaultConfigurationIsVisible = 0;
			defaultConfigurationName = Release;
		};
		97AAA7331B4B5B98003CAA73 /* Build configuration list for PBXNativeTarget "HangOutAppTests" */ = {
			isa = XCConfigurationList;
			buildConfigurations = (
				97AAA7341B4B5B98003CAA73 /* Debug */,
				97AAA7351B4B5B98003CAA73 /* Release */,
			);
			defaultConfigurationIsVisible = 0;
			defaultConfigurationName = Release;
		};
/* End XCConfigurationList section */

/* Begin XCVersionGroup section */
		97AAA7141B4B5B98003CAA73 /* HangOutApp.xcdatamodeld */ = {
			isa = XCVersionGroup;
			children = (
				97AAA7151B4B5B98003CAA73 /* HangOutApp.xcdatamodel */,
			);
			currentVersion = 97AAA7151B4B5B98003CAA73 /* HangOutApp.xcdatamodel */;
			path = HangOutApp.xcdatamodeld;
			sourceTree = "<group>";
			versionGroupType = wrapper.xcdatamodel;
		};
/* End XCVersionGroup section */
	};
	rootObject = 97AAA7021B4B5B98003CAA73 /* Project object */;
}
